// !$*UTF8*$!
{
	archiveVersion = 1;
	classes = {
	};
	objectVersion = 50;
	objects = {

/* Begin PBXBuildFile section */
		1818CE66233B9B1200BFFEB8 /* MaxSubString.swift in Sources */ = {isa = PBXBuildFile; fileRef = 1818CE65233B9B1200BFFEB8 /* MaxSubString.swift */; };
		18AD961924920DC900500C78 /* string_z_convert.swift in Sources */ = {isa = PBXBuildFile; fileRef = 18AD961824920DC900500C78 /* string_z_convert.swift */; };
		18AD961B2492161000500C78 /* int_reverse.swift in Sources */ = {isa = PBXBuildFile; fileRef = 18AD961A2492161000500C78 /* int_reverse.swift */; };
		18BE99D32493562D00D48208 /* string_to_int.swift in Sources */ = {isa = PBXBuildFile; fileRef = 18BE99D22493562D00D48208 /* string_to_int.swift */; };
		8529D52725FDBAAC009A6430 /* shan_chu_pai_xu_shu_zu_zhong_de_chong_fu_xiang.swift in Sources */ = {isa = PBXBuildFile; fileRef = 8529D52625FDBAAC009A6430 /* shan_chu_pai_xu_shu_zu_zhong_de_chong_fu_xiang.swift */; };
		8529D52A25FDBDAB009A6430 /* merge_intervals.swift in Sources */ = {isa = PBXBuildFile; fileRef = 8529D52925FDBDAB009A6430 /* merge_intervals.swift */; };
		8529D52D25FDE344009A6430 /* lru_cache.swift in Sources */ = {isa = PBXBuildFile; fileRef = 8529D52C25FDE344009A6430 /* lru_cache.swift */; };
		8596C99E25E23EFC00B5E2C7 /* MutiSum.swift in Sources */ = {isa = PBXBuildFile; fileRef = 8596C99D25E23EFC00B5E2C7 /* MutiSum.swift */; };
		85AD8FA625FFA4FF0056D223 /* k_ge_yi_zu_fan_zhuan_lian_biao_by_leetcode_solutio.swift in Sources */ = {isa = PBXBuildFile; fileRef = 85AD8FA525FFA4FF0056D223 /* k_ge_yi_zu_fan_zhuan_lian_biao_by_leetcode_solutio.swift */; };
		85B072AD25FC4565009DF53F /* link_add_two_number.swift in Sources */ = {isa = PBXBuildFile; fileRef = 85B072AC25FC4565009DF53F /* link_add_two_number.swift */; };
		85B072B025FC4D42009DF53F /* kth-node-from-end-of-list-lcci.swift in Sources */ = {isa = PBXBuildFile; fileRef = 85B072AF25FC4D42009DF53F /* kth-node-from-end-of-list-lcci.swift */; };
		85B072B325FC51C3009DF53F /* merge-in-between-linked-lists.swift in Sources */ = {isa = PBXBuildFile; fileRef = 85B072B225FC51C3009DF53F /* merge-in-between-linked-lists.swift */; };
		85B5201F25FB6DE20027D2D1 /* reverse_link_1.swift in Sources */ = {isa = PBXBuildFile; fileRef = 85B5201E25FB6DE20027D2D1 /* reverse_link_1.swift */; };
		85B5202425FB79F50027D2D1 /* LinkReverse1.m in Sources */ = {isa = PBXBuildFile; fileRef = 85B5202325FB79F50027D2D1 /* LinkReverse1.m */; };
		EEB09B47232947A900A6E9C0 /* main.swift in Sources */ = {isa = PBXBuildFile; fileRef = EEB09B46232947A900A6E9C0 /* main.swift */; };
		EED0A6F5233A591F00740CE1 /* TwoSum.swift in Sources */ = {isa = PBXBuildFile; fileRef = EED0A6F4233A591F00740CE1 /* TwoSum.swift */; };
/* End PBXBuildFile section */

/* Begin PBXCopyFilesBuildPhase section */
		EEB09B41232947A900A6E9C0 /* CopyFiles */ = {
			isa = PBXCopyFilesBuildPhase;
			buildActionMask = 2147483647;
			dstPath = /usr/share/man/man1/;
			dstSubfolderSpec = 0;
			files = (
			);
			runOnlyForDeploymentPostprocessing = 1;
		};
/* End PBXCopyFilesBuildPhase section */

/* Begin PBXFileReference section */
		1818CE65233B9B1200BFFEB8 /* MaxSubString.swift */ = {isa = PBXFileReference; lastKnownFileType = sourcecode.swift; path = MaxSubString.swift; sourceTree = "<group>"; };
		18AD961824920DC900500C78 /* string_z_convert.swift */ = {isa = PBXFileReference; lastKnownFileType = sourcecode.swift; path = string_z_convert.swift; sourceTree = "<group>"; };
		18AD961A2492161000500C78 /* int_reverse.swift */ = {isa = PBXFileReference; lastKnownFileType = sourcecode.swift; path = int_reverse.swift; sourceTree = "<group>"; };
		18BE99D22493562D00D48208 /* string_to_int.swift */ = {isa = PBXFileReference; lastKnownFileType = sourcecode.swift; path = string_to_int.swift; sourceTree = "<group>"; };
		8529D52625FDBAAC009A6430 /* shan_chu_pai_xu_shu_zu_zhong_de_chong_fu_xiang.swift */ = {isa = PBXFileReference; lastKnownFileType = sourcecode.swift; path = shan_chu_pai_xu_shu_zu_zhong_de_chong_fu_xiang.swift; sourceTree = "<group>"; };
		8529D52925FDBDAB009A6430 /* merge_intervals.swift */ = {isa = PBXFileReference; lastKnownFileType = sourcecode.swift; path = merge_intervals.swift; sourceTree = "<group>"; };
		8529D52C25FDE344009A6430 /* lru_cache.swift */ = {isa = PBXFileReference; lastKnownFileType = sourcecode.swift; path = lru_cache.swift; sourceTree = "<group>"; };
		8596C99D25E23EFC00B5E2C7 /* MutiSum.swift */ = {isa = PBXFileReference; lastKnownFileType = sourcecode.swift; path = MutiSum.swift; sourceTree = "<group>"; };
		85AD8FA525FFA4FF0056D223 /* k_ge_yi_zu_fan_zhuan_lian_biao_by_leetcode_solutio.swift */ = {isa = PBXFileReference; lastKnownFileType = sourcecode.swift; path = k_ge_yi_zu_fan_zhuan_lian_biao_by_leetcode_solutio.swift; sourceTree = "<group>"; };
		85B072AC25FC4565009DF53F /* link_add_two_number.swift */ = {isa = PBXFileReference; lastKnownFileType = sourcecode.swift; path = link_add_two_number.swift; sourceTree = "<group>"; };
		85B072AF25FC4D42009DF53F /* kth-node-from-end-of-list-lcci.swift */ = {isa = PBXFileReference; lastKnownFileType = sourcecode.swift; path = "kth-node-from-end-of-list-lcci.swift"; sourceTree = "<group>"; };
		85B072B225FC51C3009DF53F /* merge-in-between-linked-lists.swift */ = {isa = PBXFileReference; lastKnownFileType = sourcecode.swift; path = "merge-in-between-linked-lists.swift"; sourceTree = "<group>"; };
		85B5201E25FB6DE20027D2D1 /* reverse_link_1.swift */ = {isa = PBXFileReference; lastKnownFileType = sourcecode.swift; path = reverse_link_1.swift; sourceTree = "<group>"; };
		85B5202125FB79F40027D2D1 /* MyAlgorithm-Bridging-Header.h */ = {isa = PBXFileReference; lastKnownFileType = sourcecode.c.h; path = "MyAlgorithm-Bridging-Header.h"; sourceTree = "<group>"; };
		85B5202225FB79F50027D2D1 /* LinkReverse1.h */ = {isa = PBXFileReference; lastKnownFileType = sourcecode.c.h; path = LinkReverse1.h; sourceTree = "<group>"; };
		85B5202325FB79F50027D2D1 /* LinkReverse1.m */ = {isa = PBXFileReference; lastKnownFileType = sourcecode.c.objc; path = LinkReverse1.m; sourceTree = "<group>"; };
		EEB09B43232947A900A6E9C0 /* MyAlgorithm */ = {isa = PBXFileReference; explicitFileType = "compiled.mach-o.executable"; includeInIndex = 0; path = MyAlgorithm; sourceTree = BUILT_PRODUCTS_DIR; };
		EEB09B46232947A900A6E9C0 /* main.swift */ = {isa = PBXFileReference; lastKnownFileType = sourcecode.swift; path = main.swift; sourceTree = "<group>"; };
		EED0A6F4233A591F00740CE1 /* TwoSum.swift */ = {isa = PBXFileReference; lastKnownFileType = sourcecode.swift; path = TwoSum.swift; sourceTree = "<group>"; };
/* End PBXFileReference section */

/* Begin PBXFrameworksBuildPhase section */
		EEB09B40232947A900A6E9C0 /* Frameworks */ = {
			isa = PBXFrameworksBuildPhase;
			buildActionMask = 2147483647;
			files = (
			);
			runOnlyForDeploymentPostprocessing = 0;
		};
/* End PBXFrameworksBuildPhase section */

/* Begin PBXGroup section */
		EEB09B3A232947A900A6E9C0 = {
			isa = PBXGroup;
			children = (
				EEB09B45232947A900A6E9C0 /* MyAlgorithm */,
				EEB09B44232947A900A6E9C0 /* Products */,
			);
			sourceTree = "<group>";
		};
		EEB09B44232947A900A6E9C0 /* Products */ = {
			isa = PBXGroup;
			children = (
				EEB09B43232947A900A6E9C0 /* MyAlgorithm */,
			);
			name = Products;
			sourceTree = "<group>";
		};
		EEB09B45232947A900A6E9C0 /* MyAlgorithm */ = {
			isa = PBXGroup;
			children = (
				EEB09B46232947A900A6E9C0 /* main.swift */,
				EED0A6F4233A591F00740CE1 /* TwoSum.swift */,
				1818CE65233B9B1200BFFEB8 /* MaxSubString.swift */,
				18AD961824920DC900500C78 /* string_z_convert.swift */,
				18AD961A2492161000500C78 /* int_reverse.swift */,
				18BE99D22493562D00D48208 /* string_to_int.swift */,
				8596C99D25E23EFC00B5E2C7 /* MutiSum.swift */,
				85B5201E25FB6DE20027D2D1 /* reverse_link_1.swift */,
				85B072AC25FC4565009DF53F /* link_add_two_number.swift */,
				85B072AF25FC4D42009DF53F /* kth-node-from-end-of-list-lcci.swift */,
				85B072B225FC51C3009DF53F /* merge-in-between-linked-lists.swift */,
				8529D52625FDBAAC009A6430 /* shan_chu_pai_xu_shu_zu_zhong_de_chong_fu_xiang.swift */,
				8529D52925FDBDAB009A6430 /* merge_intervals.swift */,
				8529D52C25FDE344009A6430 /* lru_cache.swift */,
				85AD8FA525FFA4FF0056D223 /* k_ge_yi_zu_fan_zhuan_lian_biao_by_leetcode_solutio.swift */,
				85B5202225FB79F50027D2D1 /* LinkReverse1.h */,
				85B5202325FB79F50027D2D1 /* LinkReverse1.m */,
				85B5202125FB79F40027D2D1 /* MyAlgorithm-Bridging-Header.h */,
			);
			path = MyAlgorithm;
			sourceTree = "<group>";
		};
/* End PBXGroup section */

/* Begin PBXNativeTarget section */
		EEB09B42232947A900A6E9C0 /* MyAlgorithm */ = {
			isa = PBXNativeTarget;
			buildConfigurationList = EEB09B4A232947A900A6E9C0 /* Build configuration list for PBXNativeTarget "MyAlgorithm" */;
			buildPhases = (
				EEB09B3F232947A900A6E9C0 /* Sources */,
				EEB09B40232947A900A6E9C0 /* Frameworks */,
				EEB09B41232947A900A6E9C0 /* CopyFiles */,
			);
			buildRules = (
			);
			dependencies = (
			);
			name = MyAlgorithm;
			productName = MyAlgorithm;
			productReference = EEB09B43232947A900A6E9C0 /* MyAlgorithm */;
			productType = "com.apple.product-type.tool";
		};
/* End PBXNativeTarget section */

/* Begin PBXProject section */
		EEB09B3B232947A900A6E9C0 /* Project object */ = {
			isa = PBXProject;
			attributes = {
				LastSwiftUpdateCheck = 1020;
				LastUpgradeCheck = 1220;
				ORGANIZATIONNAME = yinhe;
				TargetAttributes = {
					EEB09B42232947A900A6E9C0 = {
						CreatedOnToolsVersion = 10.2.1;
						LastSwiftMigration = 1220;
					};
				};
			};
			buildConfigurationList = EEB09B3E232947A900A6E9C0 /* Build configuration list for PBXProject "MyAlgorithm" */;
			compatibilityVersion = "Xcode 9.3";
			developmentRegion = en;
			hasScannedForEncodings = 0;
			knownRegions = (
				en,
				Base,
			);
			mainGroup = EEB09B3A232947A900A6E9C0;
			productRefGroup = EEB09B44232947A900A6E9C0 /* Products */;
			projectDirPath = "";
			projectRoot = "";
			targets = (
				EEB09B42232947A900A6E9C0 /* MyAlgorithm */,
			);
		};
/* End PBXProject section */

/* Begin PBXSourcesBuildPhase section */
		EEB09B3F232947A900A6E9C0 /* Sources */ = {
			isa = PBXSourcesBuildPhase;
			buildActionMask = 2147483647;
			files = (
				85B072B025FC4D42009DF53F /* kth-node-from-end-of-list-lcci.swift in Sources */,
				85B5201F25FB6DE20027D2D1 /* reverse_link_1.swift in Sources */,
				EEB09B47232947A900A6E9C0 /* main.swift in Sources */,
				18BE99D32493562D00D48208 /* string_to_int.swift in Sources */,
				85B072AD25FC4565009DF53F /* link_add_two_number.swift in Sources */,
				8529D52D25FDE344009A6430 /* lru_cache.swift in Sources */,
				8529D52725FDBAAC009A6430 /* shan_chu_pai_xu_shu_zu_zhong_de_chong_fu_xiang.swift in Sources */,
				85B072B325FC51C3009DF53F /* merge-in-between-linked-lists.swift in Sources */,
				8596C99E25E23EFC00B5E2C7 /* MutiSum.swift in Sources */,
				18AD961924920DC900500C78 /* string_z_convert.swift in Sources */,
				85AD8FA625FFA4FF0056D223 /* k_ge_yi_zu_fan_zhuan_lian_biao_by_leetcode_solutio.swift in Sources */,
				18AD961B2492161000500C78 /* int_reverse.swift in Sources */,
				1818CE66233B9B1200BFFEB8 /* MaxSubString.swift in Sources */,
				8529D52A25FDBDAB009A6430 /* merge_intervals.swift in Sources */,
				EED0A6F5233A591F00740CE1 /* TwoSum.swift in Sources */,
				85B5202425FB79F50027D2D1 /* LinkReverse1.m in Sources */,
			);
			runOnlyForDeploymentPostprocessing = 0;
		};
/* End PBXSourcesBuildPhase section */

/* Begin XCBuildConfiguration section */
		EEB09B48232947A900A6E9C0 /* Debug */ = {
			isa = XCBuildConfiguration;
			buildSettings = {
				ALWAYS_SEARCH_USER_PATHS = NO;
				CLANG_ANALYZER_NONNULL = YES;
				CLANG_ANALYZER_NUMBER_OBJECT_CONVERSION = YES_AGGRESSIVE;
				CLANG_CXX_LANGUAGE_STANDARD = "gnu++14";
				CLANG_CXX_LIBRARY = "libc++";
				CLANG_ENABLE_MODULES = YES;
				CLANG_ENABLE_OBJC_ARC = YES;
				CLANG_ENABLE_OBJC_WEAK = YES;
				CLANG_WARN_BLOCK_CAPTURE_AUTORELEASING = YES;
				CLANG_WARN_BOOL_CONVERSION = YES;
				CLANG_WARN_COMMA = YES;
				CLANG_WARN_CONSTANT_CONVERSION = YES;
				CLANG_WARN_DEPRECATED_OBJC_IMPLEMENTATIONS = YES;
				CLANG_WARN_DIRECT_OBJC_ISA_USAGE = YES_ERROR;
				CLANG_WARN_DOCUMENTATION_COMMENTS = YES;
				CLANG_WARN_EMPTY_BODY = YES;
				CLANG_WARN_ENUM_CONVERSION = YES;
				CLANG_WARN_INFINITE_RECURSION = YES;
				CLANG_WARN_INT_CONVERSION = YES;
				CLANG_WARN_NON_LITERAL_NULL_CONVERSION = YES;
				CLANG_WARN_OBJC_IMPLICIT_RETAIN_SELF = YES;
				CLANG_WARN_OBJC_LITERAL_CONVERSION = YES;
				CLANG_WARN_OBJC_ROOT_CLASS = YES_ERROR;
				CLANG_WARN_QUOTED_INCLUDE_IN_FRAMEWORK_HEADER = YES;
				CLANG_WARN_RANGE_LOOP_ANALYSIS = YES;
				CLANG_WARN_STRICT_PROTOTYPES = YES;
				CLANG_WARN_SUSPICIOUS_MOVE = YES;
				CLANG_WARN_UNGUARDED_AVAILABILITY = YES_AGGRESSIVE;
				CLANG_WARN_UNREACHABLE_CODE = YES;
				CLANG_WARN__DUPLICATE_METHOD_MATCH = YES;
				CODE_SIGN_IDENTITY = "Mac Developer";
				COPY_PHASE_STRIP = NO;
				DEBUG_INFORMATION_FORMAT = dwarf;
				ENABLE_STRICT_OBJC_MSGSEND = YES;
				ENABLE_TESTABILITY = YES;
				GCC_C_LANGUAGE_STANDARD = gnu11;
				GCC_DYNAMIC_NO_PIC = NO;
				GCC_NO_COMMON_BLOCKS = YES;
				GCC_OPTIMIZATION_LEVEL = 0;
				GCC_PREPROCESSOR_DEFINITIONS = (
					"DEBUG=1",
					"$(inherited)",
				);
				GCC_WARN_64_TO_32_BIT_CONVERSION = YES;
				GCC_WARN_ABOUT_RETURN_TYPE = YES_ERROR;
				GCC_WARN_UNDECLARED_SELECTOR = YES;
				GCC_WARN_UNINITIALIZED_AUTOS = YES_AGGRESSIVE;
				GCC_WARN_UNUSED_FUNCTION = YES;
				GCC_WARN_UNUSED_VARIABLE = YES;
				MACOSX_DEPLOYMENT_TARGET = 10.14;
				MTL_ENABLE_DEBUG_INFO = INCLUDE_SOURCE;
				MTL_FAST_MATH = YES;
				ONLY_ACTIVE_ARCH = YES;
				SDKROOT = macosx;
				SWIFT_ACTIVE_COMPILATION_CONDITIONS = DEBUG;
				SWIFT_OPTIMIZATION_LEVEL = "-Onone";
			};
			name = Debug;
		};
		EEB09B49232947A900A6E9C0 /* Release */ = {
			isa = XCBuildConfiguration;
			buildSettings = {
				ALWAYS_SEARCH_USER_PATHS = NO;
				CLANG_ANALYZER_NONNULL = YES;
				CLANG_ANALYZER_NUMBER_OBJECT_CONVERSION = YES_AGGRESSIVE;
				CLANG_CXX_LANGUAGE_STANDARD = "gnu++14";
				CLANG_CXX_LIBRARY = "libc++";
				CLANG_ENABLE_MODULES = YES;
				CLANG_ENABLE_OBJC_ARC = YES;
				CLANG_ENABLE_OBJC_WEAK = YES;
				CLANG_WARN_BLOCK_CAPTURE_AUTORELEASING = YES;
				CLANG_WARN_BOOL_CONVERSION = YES;
				CLANG_WARN_COMMA = YES;
				CLANG_WARN_CONSTANT_CONVERSION = YES;
				CLANG_WARN_DEPRECATED_OBJC_IMPLEMENTATIONS = YES;
				CLANG_WARN_DIRECT_OBJC_ISA_USAGE = YES_ERROR;
				CLANG_WARN_DOCUMENTATION_COMMENTS = YES;
				CLANG_WARN_EMPTY_BODY = YES;
				CLANG_WARN_ENUM_CONVERSION = YES;
				CLANG_WARN_INFINITE_RECURSION = YES;
				CLANG_WARN_INT_CONVERSION = YES;
				CLANG_WARN_NON_LITERAL_NULL_CONVERSION = YES;
				CLANG_WARN_OBJC_IMPLICIT_RETAIN_SELF = YES;
				CLANG_WARN_OBJC_LITERAL_CONVERSION = YES;
				CLANG_WARN_OBJC_ROOT_CLASS = YES_ERROR;
				CLANG_WARN_QUOTED_INCLUDE_IN_FRAMEWORK_HEADER = YES;
				CLANG_WARN_RANGE_LOOP_ANALYSIS = YES;
				CLANG_WARN_STRICT_PROTOTYPES = YES;
				CLANG_WARN_SUSPICIOUS_MOVE = YES;
				CLANG_WARN_UNGUARDED_AVAILABILITY = YES_AGGRESSIVE;
				CLANG_WARN_UNREACHABLE_CODE = YES;
				CLANG_WARN__DUPLICATE_METHOD_MATCH = YES;
				CODE_SIGN_IDENTITY = "Mac Developer";
				COPY_PHASE_STRIP = NO;
				DEBUG_INFORMATION_FORMAT = "dwarf-with-dsym";
				ENABLE_NS_ASSERTIONS = NO;
				ENABLE_STRICT_OBJC_MSGSEND = YES;
				GCC_C_LANGUAGE_STANDARD = gnu11;
				GCC_NO_COMMON_BLOCKS = YES;
				GCC_WARN_64_TO_32_BIT_CONVERSION = YES;
				GCC_WARN_ABOUT_RETURN_TYPE = YES_ERROR;
				GCC_WARN_UNDECLARED_SELECTOR = YES;
				GCC_WARN_UNINITIALIZED_AUTOS = YES_AGGRESSIVE;
				GCC_WARN_UNUSED_FUNCTION = YES;
				GCC_WARN_UNUSED_VARIABLE = YES;
				MACOSX_DEPLOYMENT_TARGET = 10.14;
				MTL_ENABLE_DEBUG_INFO = NO;
				MTL_FAST_MATH = YES;
				SDKROOT = macosx;
				SWIFT_COMPILATION_MODE = wholemodule;
				SWIFT_OPTIMIZATION_LEVEL = "-O";
			};
			name = Release;
		};
		EEB09B4B232947A900A6E9C0 /* Debug */ = {
			isa = XCBuildConfiguration;
			buildSettings = {
				CLANG_ENABLE_MODULES = YES;
				CODE_SIGN_IDENTITY = "Mac Developer";
				CODE_SIGN_STYLE = Automatic;
				DEVELOPMENT_TEAM = 2E8NVCJR97;
				ENABLE_HARDENED_RUNTIME = YES;
				LD_RUNPATH_SEARCH_PATHS = (
					"$(inherited)",
					"@executable_path/../Frameworks",
					"@loader_path/../Frameworks",
				);
				PRODUCT_NAME = "$(TARGET_NAME)";
				PROVISIONING_PROFILE_SPECIFIER = "";
				SWIFT_OBJC_BRIDGING_HEADER = "MyAlgorithm/MyAlgorithm-Bridging-Header.h";
				SWIFT_OPTIMIZATION_LEVEL = "-Onone";
				SWIFT_VERSION = 5.0;
			};
			name = Debug;
		};
		EEB09B4C232947A900A6E9C0 /* Release */ = {
			isa = XCBuildConfiguration;
			buildSettings = {
				CLANG_ENABLE_MODULES = YES;
				CODE_SIGN_IDENTITY = "Mac Developer";
				CODE_SIGN_STYLE = Automatic;
				DEVELOPMENT_TEAM = 2E8NVCJR97;
				ENABLE_HARDENED_RUNTIME = YES;
				LD_RUNPATH_SEARCH_PATHS = (
					"$(inherited)",
					"@executable_path/../Frameworks",
					"@loader_path/../Frameworks",
				);
				PRODUCT_NAME = "$(TARGET_NAME)";
				PROVISIONING_PROFILE_SPECIFIER = "";
				SWIFT_OBJC_BRIDGING_HEADER = "MyAlgorithm/MyAlgorithm-Bridging-Header.h";
				SWIFT_VERSION = 5.0;
			};
			name = Release;
		};
/* End XCBuildConfiguration section */

/* Begin XCConfigurationList section */
		EEB09B3E232947A900A6E9C0 /* Build configuration list for PBXProject "MyAlgorithm" */ = {
			isa = XCConfigurationList;
			buildConfigurations = (
				EEB09B48232947A900A6E9C0 /* Debug */,
				EEB09B49232947A900A6E9C0 /* Release */,
			);
			defaultConfigurationIsVisible = 0;
			defaultConfigurationName = Release;
		};
		EEB09B4A232947A900A6E9C0 /* Build configuration list for PBXNativeTarget "MyAlgorithm" */ = {
			isa = XCConfigurationList;
			buildConfigurations = (
				EEB09B4B232947A900A6E9C0 /* Debug */,
				EEB09B4C232947A900A6E9C0 /* Release */,
			);
			defaultConfigurationIsVisible = 0;
			defaultConfigurationName = Release;
		};
/* End XCConfigurationList section */
	};
	rootObject = EEB09B3B232947A900A6E9C0 /* Project object */;
}
